
Microsoft Visual Studio Solution File, Format Version 12.00
# Visual Studio Version 17
VisualStudioVersion = 17.0.31903.59
MinimumVisualStudioVersion = 10.0.40219.1
Project("{FAE04EC0-301F-11D3-BF4B-00C04F79EFBC}") = "test_coreWebApplication", "test_coreWebApplication\test_coreWebApplication.csproj", "{CD3CF559-B416-45B6-AD77-453A63572A53}"
EndProject
Global
	GlobalSection(SolutionConfigurationPlatforms) = preSolution
		Debug|Any CPU = Debug|Any CPU
		Release|Any CPU = Release|Any CPU
	EndGlobalSection
	GlobalSection(ProjectConfigurationPlatforms) = postSolution
		{CD3CF559-B416-45B6-AD77-453A63572A53}.Debug|Any CPU.ActiveCfg = Debug|Any CPU
		{CD3CF559-B416-45B6-AD77-453A63572A53}.Debug|Any CPU.Build.0 = Debug|Any CPU
		{CD3CF559-B416-45B6-AD77-453A63572A53}.Release|Any CPU.ActiveCfg = Release|Any CPU
		{CD3CF559-B416-45B6-AD77-453A63572A53}.Release|Any CPU.Build.0 = Release|Any CPU
	EndGlobalSection
	GlobalSection(SolutionProperties) = preSolution
		HideSolutionNode = FALSE
	EndGlobalSection
	GlobalSection(ExtensibilityGlobals) = postSolution
		SolutionGuid = {909202A9-69CC-4B97-B5F4-73C350D966B2}
	EndGlobalSection
EndGlobal
